// !$*UTF8*$!
{
	archiveVersion = 1;
	classes = {
	};
	objectVersion = 56;
	objects = {

/* Begin PBXBuildFile section */
		9CDD06E629D35C9600B3EA8B /* AppDelegate.swift in Sources */ = {isa = PBXBuildFile; fileRef = 9CDD06E529D35C9600B3EA8B /* AppDelegate.swift */; };
		9CDD06E829D35C9600B3EA8B /* SceneDelegate.swift in Sources */ = {isa = PBXBuildFile; fileRef = 9CDD06E729D35C9600B3EA8B /* SceneDelegate.swift */; };
		9CDD06ED29D35C9600B3EA8B /* Main.storyboard in Resources */ = {isa = PBXBuildFile; fileRef = 9CDD06EB29D35C9600B3EA8B /* Main.storyboard */; };
		9CDD06EF29D35C9700B3EA8B /* Assets.xcassets in Resources */ = {isa = PBXBuildFile; fileRef = 9CDD06EE29D35C9700B3EA8B /* Assets.xcassets */; };
		9CDD06F229D35C9700B3EA8B /* LaunchScreen.storyboard in Resources */ = {isa = PBXBuildFile; fileRef = 9CDD06F029D35C9700B3EA8B /* LaunchScreen.storyboard */; };
		9CDD070129D35D2800B3EA8B /* Character.swift in Sources */ = {isa = PBXBuildFile; fileRef = 9CDD070029D35D2800B3EA8B /* Character.swift */; };
		9CDD070329D35D3400B3EA8B /* NetworkManager.swift in Sources */ = {isa = PBXBuildFile; fileRef = 9CDD070229D35D3400B3EA8B /* NetworkManager.swift */; };
		9CDD070629D35DA100B3EA8B /* Alamofire in Frameworks */ = {isa = PBXBuildFile; productRef = 9CDD070529D35DA100B3EA8B /* Alamofire */; };
		9CDD070829D3618A00B3EA8B /* CharacterCell.swift in Sources */ = {isa = PBXBuildFile; fileRef = 9CDD070729D3618A00B3EA8B /* CharacterCell.swift */; };
		9CDD070A29D361DB00B3EA8B /* CharactersCollectionViewController.swift in Sources */ = {isa = PBXBuildFile; fileRef = 9CDD070929D361DB00B3EA8B /* CharactersCollectionViewController.swift */; };
		9CDD070C29D361F900B3EA8B /* CharacterDescriptionViewController.swift in Sources */ = {isa = PBXBuildFile; fileRef = 9CDD070B29D361F900B3EA8B /* CharacterDescriptionViewController.swift */; };
/* End PBXBuildFile section */

/* Begin PBXFileReference section */
		9CDD06E229D35C9600B3EA8B /* BobsBurgers.app */ = {isa = PBXFileReference; explicitFileType = wrapper.application; includeInIndex = 0; path = BobsBurgers.app; sourceTree = BUILT_PRODUCTS_DIR; };
		9CDD06E529D35C9600B3EA8B /* AppDelegate.swift */ = {isa = PBXFileReference; lastKnownFileType = sourcecode.swift; path = AppDelegate.swift; sourceTree = "<group>"; };
		9CDD06E729D35C9600B3EA8B /* SceneDelegate.swift */ = {isa = PBXFileReference; lastKnownFileType = sourcecode.swift; path = SceneDelegate.swift; sourceTree = "<group>"; };
		9CDD06EC29D35C9600B3EA8B /* Base */ = {isa = PBXFileReference; lastKnownFileType = file.storyboard; name = Base; path = Base.lproj/Main.storyboard; sourceTree = "<group>"; };
		9CDD06EE29D35C9700B3EA8B /* Assets.xcassets */ = {isa = PBXFileReference; lastKnownFileType = folder.assetcatalog; path = Assets.xcassets; sourceTree = "<group>"; };
		9CDD06F129D35C9700B3EA8B /* Base */ = {isa = PBXFileReference; lastKnownFileType = file.storyboard; name = Base; path = Base.lproj/LaunchScreen.storyboard; sourceTree = "<group>"; };
		9CDD06F329D35C9700B3EA8B /* Info.plist */ = {isa = PBXFileReference; lastKnownFileType = text.plist.xml; path = Info.plist; sourceTree = "<group>"; };
		9CDD070029D35D2800B3EA8B /* Character.swift */ = {isa = PBXFileReference; lastKnownFileType = sourcecode.swift; path = Character.swift; sourceTree = "<group>"; };
		9CDD070229D35D3400B3EA8B /* NetworkManager.swift */ = {isa = PBXFileReference; lastKnownFileType = sourcecode.swift; path = NetworkManager.swift; sourceTree = "<group>"; };
		9CDD070729D3618A00B3EA8B /* CharacterCell.swift */ = {isa = PBXFileReference; lastKnownFileType = sourcecode.swift; path = CharacterCell.swift; sourceTree = "<group>"; };
		9CDD070929D361DB00B3EA8B /* CharactersCollectionViewController.swift */ = {isa = PBXFileReference; lastKnownFileType = sourcecode.swift; path = CharactersCollectionViewController.swift; sourceTree = "<group>"; };
		9CDD070B29D361F900B3EA8B /* CharacterDescriptionViewController.swift */ = {isa = PBXFileReference; lastKnownFileType = sourcecode.swift; path = CharacterDescriptionViewController.swift; sourceTree = "<group>"; };
/* End PBXFileReference section */

/* Begin PBXFrameworksBuildPhase section */
		9CDD06DF29D35C9600B3EA8B /* Frameworks */ = {
			isa = PBXFrameworksBuildPhase;
			buildActionMask = 2147483647;
			files = (
				9CDD070629D35DA100B3EA8B /* Alamofire in Frameworks */,
			);
			runOnlyForDeploymentPostprocessing = 0;
		};
/* End PBXFrameworksBuildPhase section */

/* Begin PBXGroup section */
		9CDD06D929D35C9600B3EA8B = {
			isa = PBXGroup;
			children = (
				9CDD06E429D35C9600B3EA8B /* BobsBurgers */,
				9CDD06E329D35C9600B3EA8B /* Products */,
			);
			sourceTree = "<group>";
		};
		9CDD06E329D35C9600B3EA8B /* Products */ = {
			isa = PBXGroup;
			children = (
				9CDD06E229D35C9600B3EA8B /* BobsBurgers.app */,
			);
			name = Products;
			sourceTree = "<group>";
		};
		9CDD06E429D35C9600B3EA8B /* BobsBurgers */ = {
			isa = PBXGroup;
			children = (
				9CDD06FC29D35CE300B3EA8B /* ViewControllers */,
				9CDD06FD29D35CEF00B3EA8B /* Views */,
				9CDD06FF29D35D0500B3EA8B /* Services */,
				9CDD06FE29D35CFA00B3EA8B /* Models */,
				9CDD06FA29D35CBB00B3EA8B /* StoryBoards */,
				9CDD06FB29D35CCC00B3EA8B /* App */,
				9CDD06F929D35CB200B3EA8B /* Resources */,
			);
			path = BobsBurgers;
			sourceTree = "<group>";
		};
		9CDD06F929D35CB200B3EA8B /* Resources */ = {
			isa = PBXGroup;
			children = (
				9CDD06EE29D35C9700B3EA8B /* Assets.xcassets */,
			);
			path = Resources;
			sourceTree = "<group>";
		};
		9CDD06FA29D35CBB00B3EA8B /* StoryBoards */ = {
			isa = PBXGroup;
			children = (
				9CDD06EB29D35C9600B3EA8B /* Main.storyboard */,
				9CDD06F029D35C9700B3EA8B /* LaunchScreen.storyboard */,
			);
			path = StoryBoards;
			sourceTree = "<group>";
		};
		9CDD06FB29D35CCC00B3EA8B /* App */ = {
			isa = PBXGroup;
			children = (
				9CDD06E529D35C9600B3EA8B /* AppDelegate.swift */,
				9CDD06E729D35C9600B3EA8B /* SceneDelegate.swift */,
				9CDD06F329D35C9700B3EA8B /* Info.plist */,
			);
			path = App;
			sourceTree = "<group>";
		};
		9CDD06FC29D35CE300B3EA8B /* ViewControllers */ = {
			isa = PBXGroup;
			children = (
				9CDD070929D361DB00B3EA8B /* CharactersCollectionViewController.swift */,
				9CDD070B29D361F900B3EA8B /* CharacterDescriptionViewController.swift */,
			);
			path = ViewControllers;
			sourceTree = "<group>";
		};
		9CDD06FD29D35CEF00B3EA8B /* Views */ = {
			isa = PBXGroup;
			children = (
				9CDD070729D3618A00B3EA8B /* CharacterCell.swift */,
			);
			path = Views;
			sourceTree = "<group>";
		};
		9CDD06FE29D35CFA00B3EA8B /* Models */ = {
			isa = PBXGroup;
			children = (
				9CDD070029D35D2800B3EA8B /* Character.swift */,
			);
			path = Models;
			sourceTree = "<group>";
		};
		9CDD06FF29D35D0500B3EA8B /* Services */ = {
			isa = PBXGroup;
			children = (
				9CDD070229D35D3400B3EA8B /* NetworkManager.swift */,
			);
			path = Services;
			sourceTree = "<group>";
		};
/* End PBXGroup section */

/* Begin PBXNativeTarget section */
		9CDD06E129D35C9600B3EA8B /* BobsBurgers */ = {
			isa = PBXNativeTarget;
			buildConfigurationList = 9CDD06F629D35C9700B3EA8B /* Build configuration list for PBXNativeTarget "BobsBurgers" */;
			buildPhases = (
				9CDD06DE29D35C9600B3EA8B /* Sources */,
				9CDD06DF29D35C9600B3EA8B /* Frameworks */,
				9CDD06E029D35C9600B3EA8B /* Resources */,
			);
			buildRules = (
			);
			dependencies = (
			);
			name = BobsBurgers;
			packageProductDependencies = (
				9CDD070529D35DA100B3EA8B /* Alamofire */,
			);
			productName = BobsBurgers;
			productReference = 9CDD06E229D35C9600B3EA8B /* BobsBurgers.app */;
			productType = "com.apple.product-type.application";
		};
/* End PBXNativeTarget section */

/* Begin PBXProject section */
		9CDD06DA29D35C9600B3EA8B /* Project object */ = {
			isa = PBXProject;
			attributes = {
				BuildIndependentTargetsInParallel = 1;
				LastSwiftUpdateCheck = 1420;
				LastUpgradeCheck = 1420;
				TargetAttributes = {
					9CDD06E129D35C9600B3EA8B = {
						CreatedOnToolsVersion = 14.2;
					};
				};
			};
			buildConfigurationList = 9CDD06DD29D35C9600B3EA8B /* Build configuration list for PBXProject "BobsBurgers" */;
			compatibilityVersion = "Xcode 14.0";
			developmentRegion = en;
			hasScannedForEncodings = 0;
			knownRegions = (
				en,
				Base,
			);
			mainGroup = 9CDD06D929D35C9600B3EA8B;
			packageReferences = (
				9CDD070429D35DA100B3EA8B /* XCRemoteSwiftPackageReference "Alamofire" */,
			);
			productRefGroup = 9CDD06E329D35C9600B3EA8B /* Products */;
			projectDirPath = "";
			projectRoot = "";
			targets = (
				9CDD06E129D35C9600B3EA8B /* BobsBurgers */,
			);
		};
/* End PBXProject section */

/* Begin PBXResourcesBuildPhase section */
		9CDD06E029D35C9600B3EA8B /* Resources */ = {
			isa = PBXResourcesBuildPhase;
			buildActionMask = 2147483647;
			files = (
				9CDD06F229D35C9700B3EA8B /* LaunchScreen.storyboard in Resources */,
				9CDD06EF29D35C9700B3EA8B /* Assets.xcassets in Resources */,
				9CDD06ED29D35C9600B3EA8B /* Main.storyboard in Resources */,
			);
			runOnlyForDeploymentPostprocessing = 0;
		};
/* End PBXResourcesBuildPhase section */

/* Begin PBXSourcesBuildPhase section */
		9CDD06DE29D35C9600B3EA8B /* Sources */ = {
			isa = PBXSourcesBuildPhase;
			buildActionMask = 2147483647;
			files = (
				9CDD070A29D361DB00B3EA8B /* CharactersCollectionViewController.swift in Sources */,
				9CDD070829D3618A00B3EA8B /* CharacterCell.swift in Sources */,
				9CDD070329D35D3400B3EA8B /* NetworkManager.swift in Sources */,
				9CDD070129D35D2800B3EA8B /* Character.swift in Sources */,
				9CDD070C29D361F900B3EA8B /* CharacterDescriptionViewController.swift in Sources */,
				9CDD06E629D35C9600B3EA8B /* AppDelegate.swift in Sources */,
				9CDD06E829D35C9600B3EA8B /* SceneDelegate.swift in Sources */,
			);
			runOnlyForDeploymentPostprocessing = 0;
		};
/* End PBXSourcesBuildPhase section */

/* Begin PBXVariantGroup section */
		9CDD06EB29D35C9600B3EA8B /* Main.storyboard */ = {
			isa = PBXVariantGroup;
			children = (
				9CDD06EC29D35C9600B3EA8B /* Base */,
			);
			name = Main.storyboard;
			sourceTree = "<group>";
		};
		9CDD06F029D35C9700B3EA8B /* LaunchScreen.storyboard */ = {
			isa = PBXVariantGroup;
			children = (
				9CDD06F129D35C9700B3EA8B /* Base */,
			);
			name = LaunchScreen.storyboard;
			sourceTree = "<group>";
		};
/* End PBXVariantGroup section */

/* Begin XCBuildConfiguration section */
		9CDD06F429D35C9700B3EA8B /* Debug */ = {
			isa = XCBuildConfiguration;
			buildSettings = {
				ALWAYS_SEARCH_USER_PATHS = NO;
				CLANG_ANALYZER_NONNULL = YES;
				CLANG_ANALYZER_NUMBER_OBJECT_CONVERSION = YES_AGGRESSIVE;
				CLANG_CXX_LANGUAGE_STANDARD = "gnu++20";
				CLANG_ENABLE_MODULES = YES;
				CLANG_ENABLE_OBJC_ARC = YES;
				CLANG_ENABLE_OBJC_WEAK = YES;
				CLANG_WARN_BLOCK_CAPTURE_AUTORELEASING = YES;
				CLANG_WARN_BOOL_CONVERSION = YES;
				CLANG_WARN_COMMA = YES;
				CLANG_WARN_CONSTANT_CONVERSION = YES;
				CLANG_WARN_DEPRECATED_OBJC_IMPLEMENTATIONS = YES;
				CLANG_WARN_DIRECT_OBJC_ISA_USAGE = YES_ERROR;
				CLANG_WARN_DOCUMENTATION_COMMENTS = YES;
				CLANG_WARN_EMPTY_BODY = YES;
				CLANG_WARN_ENUM_CONVERSION = YES;
				CLANG_WARN_INFINITE_RECURSION = YES;
				CLANG_WARN_INT_CONVERSION = YES;
				CLANG_WARN_NON_LITERAL_NULL_CONVERSION = YES;
				CLANG_WARN_OBJC_IMPLICIT_RETAIN_SELF = YES;
				CLANG_WARN_OBJC_LITERAL_CONVERSION = YES;
				CLANG_WARN_OBJC_ROOT_CLASS = YES_ERROR;
				CLANG_WARN_QUOTED_INCLUDE_IN_FRAMEWORK_HEADER = YES;
				CLANG_WARN_RANGE_LOOP_ANALYSIS = YES;
				CLANG_WARN_STRICT_PROTOTYPES = YES;
				CLANG_WARN_SUSPICIOUS_MOVE = YES;
				CLANG_WARN_UNGUARDED_AVAILABILITY = YES_AGGRESSIVE;
				CLANG_WARN_UNREACHABLE_CODE = YES;
				CLANG_WARN__DUPLICATE_METHOD_MATCH = YES;
				COPY_PHASE_STRIP = NO;
				DEBUG_INFORMATION_FORMAT = dwarf;
				ENABLE_STRICT_OBJC_MSGSEND = YES;
				ENABLE_TESTABILITY = YES;
				GCC_C_LANGUAGE_STANDARD = gnu11;
				GCC_DYNAMIC_NO_PIC = NO;
				GCC_NO_COMMON_BLOCKS = YES;
				GCC_OPTIMIZATION_LEVEL = 0;
				GCC_PREPROCESSOR_DEFINITIONS = (
					"DEBUG=1",
					"$(inherited)",
				);
				GCC_WARN_64_TO_32_BIT_CONVERSION = YES;
				GCC_WARN_ABOUT_RETURN_TYPE = YES_ERROR;
				GCC_WARN_UNDECLARED_SELECTOR = YES;
				GCC_WARN_UNINITIALIZED_AUTOS = YES_AGGRESSIVE;
				GCC_WARN_UNUSED_FUNCTION = YES;
				GCC_WARN_UNUSED_VARIABLE = YES;
				IPHONEOS_DEPLOYMENT_TARGET = 16.2;
				MTL_ENABLE_DEBUG_INFO = INCLUDE_SOURCE;
				MTL_FAST_MATH = YES;
				ONLY_ACTIVE_ARCH = YES;
				SDKROOT = iphoneos;
				SWIFT_ACTIVE_COMPILATION_CONDITIONS = DEBUG;
				SWIFT_OPTIMIZATION_LEVEL = "-Onone";
			};
			name = Debug;
		};
		9CDD06F529D35C9700B3EA8B /* Release */ = {
			isa = XCBuildConfiguration;
			buildSettings = {
				ALWAYS_SEARCH_USER_PATHS = NO;
				CLANG_ANALYZER_NONNULL = YES;
				CLANG_ANALYZER_NUMBER_OBJECT_CONVERSION = YES_AGGRESSIVE;
				CLANG_CXX_LANGUAGE_STANDARD = "gnu++20";
				CLANG_ENABLE_MODULES = YES;
				CLANG_ENABLE_OBJC_ARC = YES;
				CLANG_ENABLE_OBJC_WEAK = YES;
				CLANG_WARN_BLOCK_CAPTURE_AUTORELEASING = YES;
				CLANG_WARN_BOOL_CONVERSION = YES;
				CLANG_WARN_COMMA = YES;
				CLANG_WARN_CONSTANT_CONVERSION = YES;
				CLANG_WARN_DEPRECATED_OBJC_IMPLEMENTATIONS = YES;
				CLANG_WARN_DIRECT_OBJC_ISA_USAGE = YES_ERROR;
				CLANG_WARN_DOCUMENTATION_COMMENTS = YES;
				CLANG_WARN_EMPTY_BODY = YES;
				CLANG_WARN_ENUM_CONVERSION = YES;
				CLANG_WARN_INFINITE_RECURSION = YES;
				CLANG_WARN_INT_CONVERSION = YES;
				CLANG_WARN_NON_LITERAL_NULL_CONVERSION = YES;
				CLANG_WARN_OBJC_IMPLICIT_RETAIN_SELF = YES;
				CLANG_WARN_OBJC_LITERAL_CONVERSION = YES;
				CLANG_WARN_OBJC_ROOT_CLASS = YES_ERROR;
				CLANG_WARN_QUOTED_INCLUDE_IN_FRAMEWORK_HEADER = YES;
				CLANG_WARN_RANGE_LOOP_ANALYSIS = YES;
				CLANG_WARN_STRICT_PROTOTYPES = YES;
				CLANG_WARN_SUSPICIOUS_MOVE = YES;
				CLANG_WARN_UNGUARDED_AVAILABILITY = YES_AGGRESSIVE;
				CLANG_WARN_UNREACHABLE_CODE = YES;
				CLANG_WARN__DUPLICATE_METHOD_MATCH = YES;
				COPY_PHASE_STRIP = NO;
				DEBUG_INFORMATION_FORMAT = "dwarf-with-dsym";
				ENABLE_NS_ASSERTIONS = NO;
				ENABLE_STRICT_OBJC_MSGSEND = YES;
				GCC_C_LANGUAGE_STANDARD = gnu11;
				GCC_NO_COMMON_BLOCKS = YES;
				GCC_WARN_64_TO_32_BIT_CONVERSION = YES;
				GCC_WARN_ABOUT_RETURN_TYPE = YES_ERROR;
				GCC_WARN_UNDECLARED_SELECTOR = YES;
				GCC_WARN_UNINITIALIZED_AUTOS = YES_AGGRESSIVE;
				GCC_WARN_UNUSED_FUNCTION = YES;
				GCC_WARN_UNUSED_VARIABLE = YES;
				IPHONEOS_DEPLOYMENT_TARGET = 16.2;
				MTL_ENABLE_DEBUG_INFO = NO;
				MTL_FAST_MATH = YES;
				SDKROOT = iphoneos;
				SWIFT_COMPILATION_MODE = wholemodule;
				SWIFT_OPTIMIZATION_LEVEL = "-O";
				VALIDATE_PRODUCT = YES;
			};
			name = Release;
		};
		9CDD06F729D35C9700B3EA8B /* Debug */ = {
			isa = XCBuildConfiguration;
			buildSettings = {
				ASSETCATALOG_COMPILER_APPICON_NAME = AppIcon;
				ASSETCATALOG_COMPILER_GLOBAL_ACCENT_COLOR_NAME = AccentColor;
				CODE_SIGN_STYLE = Automatic;
				CURRENT_PROJECT_VERSION = 1;
				DEVELOPMENT_TEAM = G2WMS5YDNN;
				GENERATE_INFOPLIST_FILE = YES;
				INFOPLIST_FILE = BobsBurgers/App/Info.plist;
				INFOPLIST_KEY_UIApplicationSupportsIndirectInputEvents = YES;
				INFOPLIST_KEY_UILaunchStoryboardName = LaunchScreen;
				INFOPLIST_KEY_UIMainStoryboardFile = Main;
				INFOPLIST_KEY_UISupportedInterfaceOrientations_iPad = "UIInterfaceOrientationPortrait UIInterfaceOrientationPortraitUpsideDown UIInterfaceOrientationLandscapeLeft UIInterfaceOrientationLandscapeRight";
				INFOPLIST_KEY_UISupportedInterfaceOrientations_iPhone = "UIInterfaceOrientationPortrait UIInterfaceOrientationLandscapeLeft UIInterfaceOrientationLandscapeRight";
				IPHONEOS_DEPLOYMENT_TARGET = 16.0;
				LD_RUNPATH_SEARCH_PATHS = (
					"$(inherited)",
					"@executable_path/Frameworks",
				);
				MARKETING_VERSION = 1.0;
				PRODUCT_BUNDLE_IDENTIFIER = iz.BobsBurgers;
				PRODUCT_NAME = "$(TARGET_NAME)";
				SUPPORTED_PLATFORMS = "iphoneos iphonesimulator";
				SUPPORTS_MACCATALYST = NO;
				SUPPORTS_MAC_DESIGNED_FOR_IPHONE_IPAD = NO;
				SWIFT_EMIT_LOC_STRINGS = YES;
				SWIFT_VERSION = 5.0;
				TARGETED_DEVICE_FAMILY = 1;
			};
			name = Debug;
		};
		9CDD06F829D35C9700B3EA8B /* Release */ = {
			isa = XCBuildConfiguration;
			buildSettings = {
				ASSETCATALOG_COMPILER_APPICON_NAME = AppIcon;
				ASSETCATALOG_COMPILER_GLOBAL_ACCENT_COLOR_NAME = AccentColor;
				CODE_SIGN_STYLE = Automatic;
				CURRENT_PROJECT_VERSION = 1;
				DEVELOPMENT_TEAM = G2WMS5YDNN;
				GENERATE_INFOPLIST_FILE = YES;
				INFOPLIST_FILE = BobsBurgers/App/Info.plist;
				INFOPLIST_KEY_UIApplicationSupportsIndirectInputEvents = YES;
				INFOPLIST_KEY_UILaunchStoryboardName = LaunchScreen;
				INFOPLIST_KEY_UIMainStoryboardFile = Main;
				INFOPLIST_KEY_UISupportedInterfaceOrientations_iPad = "UIInterfaceOrientationPortrait UIInterfaceOrientationPortraitUpsideDown UIInterfaceOrientationLandscapeLeft UIInterfaceOrientationLandscapeRight";
				INFOPLIST_KEY_UISupportedInterfaceOrientations_iPhone = "UIInterfaceOrientationPortrait UIInterfaceOrientationLandscapeLeft UIInterfaceOrientationLandscapeRight";
				IPHONEOS_DEPLOYMENT_TARGET = 16.0;
				LD_RUNPATH_SEARCH_PATHS = (
					"$(inherited)",
					"@executable_path/Frameworks",
				);
				MARKETING_VERSION = 1.0;
				PRODUCT_BUNDLE_IDENTIFIER = iz.BobsBurgers;
				PRODUCT_NAME = "$(TARGET_NAME)";
				SUPPORTED_PLATFORMS = "iphoneos iphonesimulator";
				SUPPORTS_MACCATALYST = NO;
				SUPPORTS_MAC_DESIGNED_FOR_IPHONE_IPAD = NO;
				SWIFT_EMIT_LOC_STRINGS = YES;
				SWIFT_VERSION = 5.0;
				TARGETED_DEVICE_FAMILY = 1;
			};
			name = Release;
		};
/* End XCBuildConfiguration section */

/* Begin XCConfigurationList section */
		9CDD06DD29D35C9600B3EA8B /* Build configuration list for PBXProject "BobsBurgers" */ = {
			isa = XCConfigurationList;
			buildConfigurations = (
				9CDD06F429D35C9700B3EA8B /* Debug */,
				9CDD06F529D35C9700B3EA8B /* Release */,
			);
			defaultConfigurationIsVisible = 0;
			defaultConfigurationName = Release;
		};
		9CDD06F629D35C9700B3EA8B /* Build configuration list for PBXNativeTarget "BobsBurgers" */ = {
			isa = XCConfigurationList;
			buildConfigurations = (
				9CDD06F729D35C9700B3EA8B /* Debug */,
				9CDD06F829D35C9700B3EA8B /* Release */,
			);
			defaultConfigurationIsVisible = 0;
			defaultConfigurationName = Release;
		};
/* End XCConfigurationList section */

/* Begin XCRemoteSwiftPackageReference section */
		9CDD070429D35DA100B3EA8B /* XCRemoteSwiftPackageReference "Alamofire" */ = {
			isa = XCRemoteSwiftPackageReference;
			repositoryURL = "https://github.com/Alamofire/Alamofire.git";
			requirement = {
				kind = exactVersion;
				version = 5.0.0;
			};
		};
/* End XCRemoteSwiftPackageReference section */

/* Begin XCSwiftPackageProductDependency section */
		9CDD070529D35DA100B3EA8B /* Alamofire */ = {
			isa = XCSwiftPackageProductDependency;
			package = 9CDD070429D35DA100B3EA8B /* XCRemoteSwiftPackageReference "Alamofire" */;
			productName = Alamofire;
		};
/* End XCSwiftPackageProductDependency section */
	};
	rootObject = 9CDD06DA29D35C9600B3EA8B /* Project object */;
}
